
Microsoft Visual Studio Solution File, Format Version 10.00
# Visual Studio 2008
Project("{8BC9CEB8-8B4A-11D0-8D11-00A0C91BC942}") = "Geomega", "config\Geomega.vcproj", "{65D70EE1-07E5-4F7E-9BB7-135FE9B3EC70}"
	ProjectSection(ProjectDependencies) = postProject
		{7E60C76B-9542-4BCE-B32A-758723393DE8} = {7E60C76B-9542-4BCE-B32A-758723393DE8}
		{2737C1C0-9709-4E47-9F61-CDD1CD8AD11E} = {2737C1C0-9709-4E47-9F61-CDD1CD8AD11E}
	EndProjectSection
EndProject
Project("{8BC9CEB8-8B4A-11D0-8D11-00A0C91BC942}") = "GlobalLib", "config\GlobalLib.vcproj", "{7E60C76B-9542-4BCE-B32A-758723393DE8}"
EndProject
Project("{8BC9CEB8-8B4A-11D0-8D11-00A0C91BC942}") = "GeomegaLib", "config\GeomegaLib.vcproj", "{2737C1C0-9709-4E47-9F61-CDD1CD8AD11E}"
	ProjectSection(ProjectDependencies) = postProject
		{7E60C76B-9542-4BCE-B32A-758723393DE8} = {7E60C76B-9542-4BCE-B32A-758723393DE8}
	EndProjectSection
EndProject
Project("{8BC9CEB8-8B4A-11D0-8D11-00A0C91BC942}") = "RevanLib", "config\RevanLib.vcproj", "{0E9EA100-4985-42AF-B305-41D1801EEA00}"
	ProjectSection(ProjectDependencies) = postProject
		{7E60C76B-9542-4BCE-B32A-758723393DE8} = {7E60C76B-9542-4BCE-B32A-758723393DE8}
		{2737C1C0-9709-4E47-9F61-CDD1CD8AD11E} = {2737C1C0-9709-4E47-9F61-CDD1CD8AD11E}
	EndProjectSection
EndProject
Project("{8BC9CEB8-8B4A-11D0-8D11-00A0C91BC942}") = "Revan", "config\Revan.vcproj", "{C0A496E9-4D2D-4F11-AD1A-26335BC8B0D1}"
	ProjectSection(ProjectDependencies) = postProject
		{0E9EA100-4985-42AF-B305-41D1801EEA00} = {0E9EA100-4985-42AF-B305-41D1801EEA00}
		{7E60C76B-9542-4BCE-B32A-758723393DE8} = {7E60C76B-9542-4BCE-B32A-758723393DE8}
		{2737C1C0-9709-4E47-9F61-CDD1CD8AD11E} = {2737C1C0-9709-4E47-9F61-CDD1CD8AD11E}
		{B71E4AC1-DAA8-46F3-8C94-7492AFF8D582} = {B71E4AC1-DAA8-46F3-8C94-7492AFF8D582}
		{65D70EE1-07E5-4F7E-9BB7-135FE9B3EC70} = {65D70EE1-07E5-4F7E-9BB7-135FE9B3EC70}
	EndProjectSection
EndProject
Project("{8BC9CEB8-8B4A-11D0-8D11-00A0C91BC942}") = "MimrecLib", "config\MimrecLib.vcproj", "{F772DC43-6F51-494D-8A0E-8B4FC21CD39E}"
	ProjectSection(ProjectDependencies) = postProject
		{7E60C76B-9542-4BCE-B32A-758723393DE8} = {7E60C76B-9542-4BCE-B32A-758723393DE8}
		{2737C1C0-9709-4E47-9F61-CDD1CD8AD11E} = {2737C1C0-9709-4E47-9F61-CDD1CD8AD11E}
	EndProjectSection
EndProject
Project("{8BC9CEB8-8B4A-11D0-8D11-00A0C91BC942}") = "Mimrec", "config\Mimrec.vcproj", "{CB43DB98-83F1-4991-B962-A1B5EE63BF2B}"
	ProjectSection(ProjectDependencies) = postProject
		{F772DC43-6F51-494D-8A0E-8B4FC21CD39E} = {F772DC43-6F51-494D-8A0E-8B4FC21CD39E}
		{7E60C76B-9542-4BCE-B32A-758723393DE8} = {7E60C76B-9542-4BCE-B32A-758723393DE8}
		{2737C1C0-9709-4E47-9F61-CDD1CD8AD11E} = {2737C1C0-9709-4E47-9F61-CDD1CD8AD11E}
		{B71E4AC1-DAA8-46F3-8C94-7492AFF8D582} = {B71E4AC1-DAA8-46F3-8C94-7492AFF8D582}
	EndProjectSection
EndProject
Project("{8BC9CEB8-8B4A-11D0-8D11-00A0C91BC942}") = "SivanLib", "config\SivanLib.vcproj", "{1BFDC27B-0C89-4F9F-80A8-0EDEA06351B9}"
	ProjectSection(ProjectDependencies) = postProject
		{7E60C76B-9542-4BCE-B32A-758723393DE8} = {7E60C76B-9542-4BCE-B32A-758723393DE8}
		{2737C1C0-9709-4E47-9F61-CDD1CD8AD11E} = {2737C1C0-9709-4E47-9F61-CDD1CD8AD11E}
	EndProjectSection
EndProject
Project("{8BC9CEB8-8B4A-11D0-8D11-00A0C91BC942}") = "Sivan", "config\Sivan.vcproj", "{ED01883D-235C-4A85-9190-3CF8F65F3BF7}"
	ProjectSection(ProjectDependencies) = postProject
		{7E60C76B-9542-4BCE-B32A-758723393DE8} = {7E60C76B-9542-4BCE-B32A-758723393DE8}
		{1BFDC27B-0C89-4F9F-80A8-0EDEA06351B9} = {1BFDC27B-0C89-4F9F-80A8-0EDEA06351B9}
		{2737C1C0-9709-4E47-9F61-CDD1CD8AD11E} = {2737C1C0-9709-4E47-9F61-CDD1CD8AD11E}
	EndProjectSection
EndProject
Project("{8BC9CEB8-8B4A-11D0-8D11-00A0C91BC942}") = "Realta", "config\Realta.vcproj", "{A4BF7919-2808-4BAD-B636-30E0E7F916EB}"
	ProjectSection(ProjectDependencies) = postProject
		{0E9EA100-4985-42AF-B305-41D1801EEA00} = {0E9EA100-4985-42AF-B305-41D1801EEA00}
		{F772DC43-6F51-494D-8A0E-8B4FC21CD39E} = {F772DC43-6F51-494D-8A0E-8B4FC21CD39E}
		{7E60C76B-9542-4BCE-B32A-758723393DE8} = {7E60C76B-9542-4BCE-B32A-758723393DE8}
		{1BFDC27B-0C89-4F9F-80A8-0EDEA06351B9} = {1BFDC27B-0C89-4F9F-80A8-0EDEA06351B9}
		{CB43DB98-83F1-4991-B962-A1B5EE63BF2B} = {CB43DB98-83F1-4991-B962-A1B5EE63BF2B}
		{2737C1C0-9709-4E47-9F61-CDD1CD8AD11E} = {2737C1C0-9709-4E47-9F61-CDD1CD8AD11E}
		{B71E4AC1-DAA8-46F3-8C94-7492AFF8D582} = {B71E4AC1-DAA8-46F3-8C94-7492AFF8D582}
		{C0A496E9-4D2D-4F11-AD1A-26335BC8B0D1} = {C0A496E9-4D2D-4F11-AD1A-26335BC8B0D1}
	EndProjectSection
EndProject
Project("{8BC9CEB8-8B4A-11D0-8D11-00A0C91BC942}") = "SpectralyzeLib", "config\SpectralyzeLib.vcproj", "{B71E4AC1-DAA8-46F3-8C94-7492AFF8D582}"
	ProjectSection(ProjectDependencies) = postProject
		{7E60C76B-9542-4BCE-B32A-758723393DE8} = {7E60C76B-9542-4BCE-B32A-758723393DE8}
		{2737C1C0-9709-4E47-9F61-CDD1CD8AD11E} = {2737C1C0-9709-4E47-9F61-CDD1CD8AD11E}
	EndProjectSection
EndProject
Global
	GlobalSection(SolutionConfigurationPlatforms) = preSolution
		Debug|Win32 = Debug|Win32
		Debugging|Win32 = Debugging|Win32
		Release|Win32 = Release|Win32
	EndGlobalSection
	GlobalSection(ProjectConfigurationPlatforms) = postSolution
		{65D70EE1-07E5-4F7E-9BB7-135FE9B3EC70}.Debug|Win32.ActiveCfg = Debug|Win32
		{65D70EE1-07E5-4F7E-9BB7-135FE9B3EC70}.Debug|Win32.Build.0 = Debug|Win32
		{65D70EE1-07E5-4F7E-9BB7-135FE9B3EC70}.Debugging|Win32.ActiveCfg = Debug|Win32
		{65D70EE1-07E5-4F7E-9BB7-135FE9B3EC70}.Debugging|Win32.Build.0 = Debug|Win32
		{65D70EE1-07E5-4F7E-9BB7-135FE9B3EC70}.Release|Win32.ActiveCfg = Release|Win32
		{65D70EE1-07E5-4F7E-9BB7-135FE9B3EC70}.Release|Win32.Build.0 = Release|Win32
		{7E60C76B-9542-4BCE-B32A-758723393DE8}.Debug|Win32.ActiveCfg = Debug|Win32
		{7E60C76B-9542-4BCE-B32A-758723393DE8}.Debug|Win32.Build.0 = Debug|Win32
		{7E60C76B-9542-4BCE-B32A-758723393DE8}.Debugging|Win32.ActiveCfg = Debug|Win32
		{7E60C76B-9542-4BCE-B32A-758723393DE8}.Debugging|Win32.Build.0 = Debug|Win32
		{7E60C76B-9542-4BCE-B32A-758723393DE8}.Release|Win32.ActiveCfg = Release|Win32
		{7E60C76B-9542-4BCE-B32A-758723393DE8}.Release|Win32.Build.0 = Release|Win32
		{2737C1C0-9709-4E47-9F61-CDD1CD8AD11E}.Debug|Win32.ActiveCfg = Debug|Win32
		{2737C1C0-9709-4E47-9F61-CDD1CD8AD11E}.Debug|Win32.Build.0 = Debug|Win32
		{2737C1C0-9709-4E47-9F61-CDD1CD8AD11E}.Debugging|Win32.ActiveCfg = Debug|Win32
		{2737C1C0-9709-4E47-9F61-CDD1CD8AD11E}.Debugging|Win32.Build.0 = Debug|Win32
		{2737C1C0-9709-4E47-9F61-CDD1CD8AD11E}.Release|Win32.ActiveCfg = Release|Win32
		{2737C1C0-9709-4E47-9F61-CDD1CD8AD11E}.Release|Win32.Build.0 = Release|Win32
		{0E9EA100-4985-42AF-B305-41D1801EEA00}.Debug|Win32.ActiveCfg = Debug|Win32
		{0E9EA100-4985-42AF-B305-41D1801EEA00}.Debug|Win32.Build.0 = Debug|Win32
		{0E9EA100-4985-42AF-B305-41D1801EEA00}.Debugging|Win32.ActiveCfg = Debug|Win32
		{0E9EA100-4985-42AF-B305-41D1801EEA00}.Debugging|Win32.Build.0 = Debug|Win32
		{0E9EA100-4985-42AF-B305-41D1801EEA00}.Release|Win32.ActiveCfg = Release|Win32
		{0E9EA100-4985-42AF-B305-41D1801EEA00}.Release|Win32.Build.0 = Release|Win32
		{C0A496E9-4D2D-4F11-AD1A-26335BC8B0D1}.Debug|Win32.ActiveCfg = Debug|Win32
		{C0A496E9-4D2D-4F11-AD1A-26335BC8B0D1}.Debug|Win32.Build.0 = Debug|Win32
		{C0A496E9-4D2D-4F11-AD1A-26335BC8B0D1}.Debugging|Win32.ActiveCfg = Debug|Win32
		{C0A496E9-4D2D-4F11-AD1A-26335BC8B0D1}.Debugging|Win32.Build.0 = Debug|Win32
		{C0A496E9-4D2D-4F11-AD1A-26335BC8B0D1}.Release|Win32.ActiveCfg = Release|Win32
		{C0A496E9-4D2D-4F11-AD1A-26335BC8B0D1}.Release|Win32.Build.0 = Release|Win32
		{F772DC43-6F51-494D-8A0E-8B4FC21CD39E}.Debug|Win32.ActiveCfg = Debug|Win32
		{F772DC43-6F51-494D-8A0E-8B4FC21CD39E}.Debug|Win32.Build.0 = Debug|Win32
		{F772DC43-6F51-494D-8A0E-8B4FC21CD39E}.Debugging|Win32.ActiveCfg = Debug|Win32
		{F772DC43-6F51-494D-8A0E-8B4FC21CD39E}.Debugging|Win32.Build.0 = Debug|Win32
		{F772DC43-6F51-494D-8A0E-8B4FC21CD39E}.Release|Win32.ActiveCfg = Release|Win32
		{F772DC43-6F51-494D-8A0E-8B4FC21CD39E}.Release|Win32.Build.0 = Release|Win32
		{CB43DB98-83F1-4991-B962-A1B5EE63BF2B}.Debug|Win32.ActiveCfg = Debug|Win32
		{CB43DB98-83F1-4991-B962-A1B5EE63BF2B}.Debug|Win32.Build.0 = Debug|Win32
		{CB43DB98-83F1-4991-B962-A1B5EE63BF2B}.Debugging|Win32.ActiveCfg = Debug|Win32
		{CB43DB98-83F1-4991-B962-A1B5EE63BF2B}.Debugging|Win32.Build.0 = Debug|Win32
		{CB43DB98-83F1-4991-B962-A1B5EE63BF2B}.Release|Win32.ActiveCfg = Release|Win32
		{CB43DB98-83F1-4991-B962-A1B5EE63BF2B}.Release|Win32.Build.0 = Release|Win32
		{1BFDC27B-0C89-4F9F-80A8-0EDEA06351B9}.Debug|Win32.ActiveCfg = Debug|Win32
		{1BFDC27B-0C89-4F9F-80A8-0EDEA06351B9}.Debug|Win32.Build.0 = Debug|Win32
		{1BFDC27B-0C89-4F9F-80A8-0EDEA06351B9}.Debugging|Win32.ActiveCfg = Debug|Win32
		{1BFDC27B-0C89-4F9F-80A8-0EDEA06351B9}.Debugging|Win32.Build.0 = Debug|Win32
		{1BFDC27B-0C89-4F9F-80A8-0EDEA06351B9}.Release|Win32.ActiveCfg = Release|Win32
		{1BFDC27B-0C89-4F9F-80A8-0EDEA06351B9}.Release|Win32.Build.0 = Release|Win32
		{ED01883D-235C-4A85-9190-3CF8F65F3BF7}.Debug|Win32.ActiveCfg = Debug|Win32
		{ED01883D-235C-4A85-9190-3CF8F65F3BF7}.Debug|Win32.Build.0 = Debug|Win32
		{ED01883D-235C-4A85-9190-3CF8F65F3BF7}.Debugging|Win32.ActiveCfg = Debug|Win32
		{ED01883D-235C-4A85-9190-3CF8F65F3BF7}.Debugging|Win32.Build.0 = Debug|Win32
		{ED01883D-235C-4A85-9190-3CF8F65F3BF7}.Release|Win32.ActiveCfg = Release|Win32
		{ED01883D-235C-4A85-9190-3CF8F65F3BF7}.Release|Win32.Build.0 = Release|Win32
		{A4BF7919-2808-4BAD-B636-30E0E7F916EB}.Debug|Win32.ActiveCfg = Debug|Win32
		{A4BF7919-2808-4BAD-B636-30E0E7F916EB}.Debug|Win32.Build.0 = Debug|Win32
		{A4BF7919-2808-4BAD-B636-30E0E7F916EB}.Debugging|Win32.ActiveCfg = Debug|Win32
		{A4BF7919-2808-4BAD-B636-30E0E7F916EB}.Debugging|Win32.Build.0 = Debug|Win32
		{A4BF7919-2808-4BAD-B636-30E0E7F916EB}.Release|Win32.ActiveCfg = Release|Win32
		{A4BF7919-2808-4BAD-B636-30E0E7F916EB}.Release|Win32.Build.0 = Release|Win32
		{B71E4AC1-DAA8-46F3-8C94-7492AFF8D582}.Debug|Win32.ActiveCfg = Debug|Win32
		{B71E4AC1-DAA8-46F3-8C94-7492AFF8D582}.Debug|Win32.Build.0 = Debug|Win32
		{B71E4AC1-DAA8-46F3-8C94-7492AFF8D582}.Debugging|Win32.ActiveCfg = Debug|Win32
		{B71E4AC1-DAA8-46F3-8C94-7492AFF8D582}.Debugging|Win32.Build.0 = Debug|Win32
		{B71E4AC1-DAA8-46F3-8C94-7492AFF8D582}.Release|Win32.ActiveCfg = Release|Win32
		{B71E4AC1-DAA8-46F3-8C94-7492AFF8D582}.Release|Win32.Build.0 = Release|Win32
	EndGlobalSection
	GlobalSection(SolutionProperties) = preSolution
		HideSolutionNode = FALSE
	EndGlobalSection
EndGlobal
